
Microsoft Visual Studio Solution File, Format Version 12.00
# Visual Studio Version 17
VisualStudioVersion = 17.4.33122.133
MinimumVisualStudioVersion = 10.0.40219.1
Project("{2150E333-8FDC-42A3-9474-1A3956D46DE8}") = "Solution Items", "Solution Items", "{8F0309B0-4E51-4D27-9899-74B90EDF9744}"
	ProjectSection(SolutionItems) = preProject
		.editorconfig = .editorconfig
	EndProjectSection
EndProject
Project("{778DAE3C-4631-46EA-AA77-85C1314464D9}") = "JbdGjsCommonReport", "JbdGjsCommonReport\JbdGjsCommonReport.vbproj", "{72D1E45D-0E88-4BB8-A817-B232A502A23D}"
EndProject
Project("{778DAE3C-4631-46EA-AA77-85C1314464D9}") = "JbdGjsControl", "JbdGjsControl\JbdGjsControl.vbproj", "{099D78D8-800A-4585-811F-959E3C7F5E0E}"
EndProject
Project("{778DAE3C-4631-46EA-AA77-85C1314464D9}") = "GJ0000", "GJ0000ログイン\GJ0000.vbproj", "{61E996F1-FE8A-45E3-977F-3AA45ADBB776}"
EndProject
Project("{778DAE3C-4631-46EA-AA77-85C1314464D9}") = "JbdGjsLib", "JbdGjsLib\JbdGjsLib.vbproj", "{FDAEA893-35DC-40B6-97C7-F942767DEC57}"
EndProject
Project("{778DAE3C-4631-46EA-AA77-85C1314464D9}") = "JbdGjsReportNoLic", "JbdGjsReportNoLic\JbdGjsReportNoLic.vbproj", "{97A440EC-8915-4AD6-BBA6-9B0377696EAD}"
EndProject
Project("{2150E333-8FDC-42A3-9474-1A3956D46DE8}") = "OldCode", "OldCode", "{034E758D-3B7E-4663-B9FC-9FF8B2BE90C5}"
EndProject
Project("{778DAE3C-4631-46EA-AA77-85C1314464D9}") = "JbdGjsCommonOld", "JbdGjsCommonOld\JbdGjsCommonOld.vbproj", "{DCB9C16D-A01D-42F0-9D86-F6D4537535E8}"
EndProject
Project("{778DAE3C-4631-46EA-AA77-85C1314464D9}") = "JbdGjsCommon", "JbdGjsCommon\JbdGjsCommon.vbproj", "{37774303-8CB8-4A1E-BDB7-278E0FFF7DD4}"
EndProject
Project("{778DAE3C-4631-46EA-AA77-85C1314464D9}") = "JbdGjsReport", "JbdGjsReport\JbdGjsReport.vbproj", "{33F8A0F9-D38C-47BF-A1CE-780D1D928F84}"
EndProject
Project("{778DAE3C-4631-46EA-AA77-85C1314464D9}") = "JbdGjsService", "JbdGjsService\JbdGjsService.vbproj", "{5F558BC9-C36C-4B5A-BF41-EEDD892A9672}"
EndProject
Project("{778DAE3C-4631-46EA-AA77-85C1314464D9}") = "JbdGjsWebService", "JbdGjsWebService\JbdGjsWebService.vbproj", "{6FAC832A-D72B-479B-B190-5ECC5DCE2254}"
EndProject
Project("{778DAE3C-4631-46EA-AA77-85C1314464D9}") = "JbdGjsDb", "JbdGjsDb\JbdGjsDb.vbproj", "{AAD3F60C-6BC3-4C96-885F-5EADAB8EBB45}"
EndProject
Global
	GlobalSection(SolutionConfigurationPlatforms) = preSolution
		Debug|Any CPU = Debug|Any CPU
		Release|Any CPU = Release|Any CPU
	EndGlobalSection
	GlobalSection(ProjectConfigurationPlatforms) = postSolution
		{72D1E45D-0E88-4BB8-A817-B232A502A23D}.Debug|Any CPU.ActiveCfg = Debug|Any CPU
		{72D1E45D-0E88-4BB8-A817-B232A502A23D}.Debug|Any CPU.Build.0 = Debug|Any CPU
		{72D1E45D-0E88-4BB8-A817-B232A502A23D}.Release|Any CPU.ActiveCfg = Release|Any CPU
		{72D1E45D-0E88-4BB8-A817-B232A502A23D}.Release|Any CPU.Build.0 = Release|Any CPU
		{099D78D8-800A-4585-811F-959E3C7F5E0E}.Debug|Any CPU.ActiveCfg = Debug|Any CPU
		{099D78D8-800A-4585-811F-959E3C7F5E0E}.Debug|Any CPU.Build.0 = Debug|Any CPU
		{099D78D8-800A-4585-811F-959E3C7F5E0E}.Release|Any CPU.ActiveCfg = Release|Any CPU
		{099D78D8-800A-4585-811F-959E3C7F5E0E}.Release|Any CPU.Build.0 = Release|Any CPU
		{61E996F1-FE8A-45E3-977F-3AA45ADBB776}.Debug|Any CPU.ActiveCfg = Debug|Any CPU
		{61E996F1-FE8A-45E3-977F-3AA45ADBB776}.Debug|Any CPU.Build.0 = Debug|Any CPU
		{61E996F1-FE8A-45E3-977F-3AA45ADBB776}.Release|Any CPU.ActiveCfg = Release|Any CPU
		{61E996F1-FE8A-45E3-977F-3AA45ADBB776}.Release|Any CPU.Build.0 = Release|Any CPU
		{FDAEA893-35DC-40B6-97C7-F942767DEC57}.Debug|Any CPU.ActiveCfg = Debug|Any CPU
		{FDAEA893-35DC-40B6-97C7-F942767DEC57}.Debug|Any CPU.Build.0 = Debug|Any CPU
		{FDAEA893-35DC-40B6-97C7-F942767DEC57}.Release|Any CPU.ActiveCfg = Release|Any CPU
		{FDAEA893-35DC-40B6-97C7-F942767DEC57}.Release|Any CPU.Build.0 = Release|Any CPU
		{97A440EC-8915-4AD6-BBA6-9B0377696EAD}.Debug|Any CPU.ActiveCfg = Debug|Any CPU
		{97A440EC-8915-4AD6-BBA6-9B0377696EAD}.Debug|Any CPU.Build.0 = Debug|Any CPU
		{97A440EC-8915-4AD6-BBA6-9B0377696EAD}.Release|Any CPU.ActiveCfg = Release|Any CPU
		{97A440EC-8915-4AD6-BBA6-9B0377696EAD}.Release|Any CPU.Build.0 = Release|Any CPU
		{DCB9C16D-A01D-42F0-9D86-F6D4537535E8}.Debug|Any CPU.ActiveCfg = Debug|Any CPU
		{DCB9C16D-A01D-42F0-9D86-F6D4537535E8}.Debug|Any CPU.Build.0 = Debug|Any CPU
		{DCB9C16D-A01D-42F0-9D86-F6D4537535E8}.Release|Any CPU.ActiveCfg = Release|Any CPU
		{DCB9C16D-A01D-42F0-9D86-F6D4537535E8}.Release|Any CPU.Build.0 = Release|Any CPU
		{37774303-8CB8-4A1E-BDB7-278E0FFF7DD4}.Debug|Any CPU.ActiveCfg = Debug|Any CPU
		{37774303-8CB8-4A1E-BDB7-278E0FFF7DD4}.Debug|Any CPU.Build.0 = Debug|Any CPU
		{37774303-8CB8-4A1E-BDB7-278E0FFF7DD4}.Release|Any CPU.ActiveCfg = Release|Any CPU
		{37774303-8CB8-4A1E-BDB7-278E0FFF7DD4}.Release|Any CPU.Build.0 = Release|Any CPU
		{33F8A0F9-D38C-47BF-A1CE-780D1D928F84}.Debug|Any CPU.ActiveCfg = Debug|Any CPU
		{33F8A0F9-D38C-47BF-A1CE-780D1D928F84}.Debug|Any CPU.Build.0 = Debug|Any CPU
		{33F8A0F9-D38C-47BF-A1CE-780D1D928F84}.Release|Any CPU.ActiveCfg = Release|Any CPU
		{33F8A0F9-D38C-47BF-A1CE-780D1D928F84}.Release|Any CPU.Build.0 = Release|Any CPU
		{5F558BC9-C36C-4B5A-BF41-EEDD892A9672}.Debug|Any CPU.ActiveCfg = Debug|Any CPU
		{5F558BC9-C36C-4B5A-BF41-EEDD892A9672}.Debug|Any CPU.Build.0 = Debug|Any CPU
		{5F558BC9-C36C-4B5A-BF41-EEDD892A9672}.Release|Any CPU.ActiveCfg = Release|Any CPU
		{5F558BC9-C36C-4B5A-BF41-EEDD892A9672}.Release|Any CPU.Build.0 = Release|Any CPU
		{6FAC832A-D72B-479B-B190-5ECC5DCE2254}.Debug|Any CPU.ActiveCfg = Debug|Any CPU
		{6FAC832A-D72B-479B-B190-5ECC5DCE2254}.Debug|Any CPU.Build.0 = Debug|Any CPU
		{6FAC832A-D72B-479B-B190-5ECC5DCE2254}.Release|Any CPU.ActiveCfg = Release|Any CPU
		{6FAC832A-D72B-479B-B190-5ECC5DCE2254}.Release|Any CPU.Build.0 = Release|Any CPU
		{AAD3F60C-6BC3-4C96-885F-5EADAB8EBB45}.Debug|Any CPU.ActiveCfg = Debug|Any CPU
		{AAD3F60C-6BC3-4C96-885F-5EADAB8EBB45}.Debug|Any CPU.Build.0 = Debug|Any CPU
		{AAD3F60C-6BC3-4C96-885F-5EADAB8EBB45}.Release|Any CPU.ActiveCfg = Release|Any CPU
		{AAD3F60C-6BC3-4C96-885F-5EADAB8EBB45}.Release|Any CPU.Build.0 = Release|Any CPU
	EndGlobalSection
	GlobalSection(SolutionProperties) = preSolution
		HideSolutionNode = FALSE
	EndGlobalSection
	GlobalSection(NestedProjects) = preSolution
		{72D1E45D-0E88-4BB8-A817-B232A502A23D} = {034E758D-3B7E-4663-B9FC-9FF8B2BE90C5}
		{099D78D8-800A-4585-811F-959E3C7F5E0E} = {034E758D-3B7E-4663-B9FC-9FF8B2BE90C5}
		{61E996F1-FE8A-45E3-977F-3AA45ADBB776} = {034E758D-3B7E-4663-B9FC-9FF8B2BE90C5}
		{FDAEA893-35DC-40B6-97C7-F942767DEC57} = {034E758D-3B7E-4663-B9FC-9FF8B2BE90C5}
		{97A440EC-8915-4AD6-BBA6-9B0377696EAD} = {034E758D-3B7E-4663-B9FC-9FF8B2BE90C5}
		{DCB9C16D-A01D-42F0-9D86-F6D4537535E8} = {034E758D-3B7E-4663-B9FC-9FF8B2BE90C5}
	EndGlobalSection
	GlobalSection(ExtensibilityGlobals) = postSolution
		SolutionGuid = {41B918E9-40CE-4813-A66C-E2ADCCE45E07}
	EndGlobalSection
EndGlobal
