
Microsoft Visual Studio Solution File, Format Version 12.00
# Visual Studio Version 17
VisualStudioVersion = 17.2.32616.157
MinimumVisualStudioVersion = 10.0.40219.1
Project("{F184B08F-C81C-45F6-A57F-5ABD9991F28F}") = "GJ0000", "GJ0000.vbproj", "{EB3EC90E-FEDE-480B-8487-E19C3ECF6581}"
EndProject
Global
	GlobalSection(SolutionConfigurationPlatforms) = preSolution
		Debug|x64 = Debug|x64
		Release|x64 = Release|x64
	EndGlobalSection
	GlobalSection(ProjectConfigurationPlatforms) = postSolution
		{EB3EC90E-FEDE-480B-8487-E19C3ECF6581}.Debug|x64.ActiveCfg = Debug|x64
		{EB3EC90E-FEDE-480B-8487-E19C3ECF6581}.Debug|x64.Build.0 = Debug|x64
		{EB3EC90E-FEDE-480B-8487-E19C3ECF6581}.Release|x64.ActiveCfg = Release|x64
		{EB3EC90E-FEDE-480B-8487-E19C3ECF6581}.Release|x64.Build.0 = Release|x64
	EndGlobalSection
	GlobalSection(SolutionProperties) = preSolution
		HideSolutionNode = FALSE
	EndGlobalSection
EndGlobal
