
Microsoft Visual Studio Solution File, Format Version 12.00
# Visual Studio Version 17
VisualStudioVersion = 17.2.32616.157
MinimumVisualStudioVersion = 10.0.40219.1
Project("{F184B08F-C81C-45F6-A57F-5ABD9991F28F}") = "JbdGjsLib", "JbdGjsLib.vbproj", "{44400B06-CB80-462B-AD9E-DD42F1AB2E5D}"
EndProject
Global
	GlobalSection(SolutionConfigurationPlatforms) = preSolution
		Debug|Any CPU = Debug|Any CPU
		Debug|x64 = Debug|x64
		Release|Any CPU = Release|Any CPU
		Release|x64 = Release|x64
	EndGlobalSection
	GlobalSection(ProjectConfigurationPlatforms) = postSolution
		{44400B06-CB80-462B-AD9E-DD42F1AB2E5D}.Debug|Any CPU.ActiveCfg = Release|Any CPU
		{44400B06-CB80-462B-AD9E-DD42F1AB2E5D}.Debug|Any CPU.Build.0 = Release|Any CPU
		{44400B06-CB80-462B-AD9E-DD42F1AB2E5D}.Debug|x64.ActiveCfg = Debug|x64
		{44400B06-CB80-462B-AD9E-DD42F1AB2E5D}.Debug|x64.Build.0 = Debug|x64
		{44400B06-CB80-462B-AD9E-DD42F1AB2E5D}.Release|Any CPU.ActiveCfg = Release|x64
		{44400B06-CB80-462B-AD9E-DD42F1AB2E5D}.Release|Any CPU.Build.0 = Release|x64
		{44400B06-CB80-462B-AD9E-DD42F1AB2E5D}.Release|x64.ActiveCfg = Release|x64
		{44400B06-CB80-462B-AD9E-DD42F1AB2E5D}.Release|x64.Build.0 = Release|x64
	EndGlobalSection
	GlobalSection(SolutionProperties) = preSolution
		HideSolutionNode = FALSE
	EndGlobalSection
EndGlobal
